
Microsoft Visual Studio Solution File, Format Version 12.00
# Visual Studio Version 16
VisualStudioVersion = 16.0.31424.327
MinimumVisualStudioVersion = 10.0.40219.1
Project("{FAE04EC0-301F-11D3-BF4B-00C04F79EFBC}") = "codeFirst", "codeFirst\codeFirst.csproj", "{4AFB838C-BE4F-4948-8201-3B0ED214185F}"
EndProject
Global
	GlobalSection(SolutionConfigurationPlatforms) = preSolution
		Debug|Any CPU = Debug|Any CPU
		Release|Any CPU = Release|Any CPU
	EndGlobalSection
	GlobalSection(ProjectConfigurationPlatforms) = postSolution
		{4AFB838C-BE4F-4948-8201-3B0ED214185F}.Debug|Any CPU.ActiveCfg = Debug|Any CPU
		{4AFB838C-BE4F-4948-8201-3B0ED214185F}.Debug|Any CPU.Build.0 = Debug|Any CPU
		{4AFB838C-BE4F-4948-8201-3B0ED214185F}.Release|Any CPU.ActiveCfg = Release|Any CPU
		{4AFB838C-BE4F-4948-8201-3B0ED214185F}.Release|Any CPU.Build.0 = Release|Any CPU
	EndGlobalSection
	GlobalSection(SolutionProperties) = preSolution
		HideSolutionNode = FALSE
	EndGlobalSection
	GlobalSection(ExtensibilityGlobals) = postSolution
		SolutionGuid = {6140F167-082C-409A-9048-E3CB02A8A656}
	EndGlobalSection
EndGlobal
